// !$*UTF8*$!
{
	archiveVersion = 1;
	classes = {
	};
	objectVersion = 50;
	objects = {

/* Begin PBXBuildFile section */
		65EDFA1A2CDFB28BDBE8E20E /* Pods_schichtln.framework in Frameworks */ = {isa = PBXBuildFile; fileRef = 1BC6BEA6E1EF3646F6542118 /* Pods_schichtln.framework */; };
		9246E32A06233A47FE746075 /* Pods_schichtlnTests.framework in Frameworks */ = {isa = PBXBuildFile; fileRef = 0508E98B2C24A4430EAE4BD9 /* Pods_schichtlnTests.framework */; };
		BDEFC899C33542198F3ACC67 /* Pods_schichtlnUITests.framework in Frameworks */ = {isa = PBXBuildFile; fileRef = C7B872A83C88DD4E7952866D /* Pods_schichtlnUITests.framework */; };
		F97C526120EDF4840003E160 /* Type.swift in Sources */ = {isa = PBXBuildFile; fileRef = F97C526020EDF4840003E160 /* Type.swift */; };
		F97C526320EDF4930003E160 /* Accept.swift in Sources */ = {isa = PBXBuildFile; fileRef = F97C526220EDF4930003E160 /* Accept.swift */; };
		F97C526520EDF4A50003E160 /* Schicht.swift in Sources */ = {isa = PBXBuildFile; fileRef = F97C526420EDF4A50003E160 /* Schicht.swift */; };
		F97C526720EDF4B00003E160 /* Schicht2Change.swift in Sources */ = {isa = PBXBuildFile; fileRef = F97C526620EDF4B00003E160 /* Schicht2Change.swift */; };
		F9D8BB0520ECF56000BE0C10 /* AppDelegate.swift in Sources */ = {isa = PBXBuildFile; fileRef = F9D8BB0420ECF56000BE0C10 /* AppDelegate.swift */; };
		F9D8BB0720ECF56000BE0C10 /* FirstViewController.swift in Sources */ = {isa = PBXBuildFile; fileRef = F9D8BB0620ECF56000BE0C10 /* FirstViewController.swift */; };
		F9D8BB0920ECF56000BE0C10 /* SecondViewController.swift in Sources */ = {isa = PBXBuildFile; fileRef = F9D8BB0820ECF56000BE0C10 /* SecondViewController.swift */; };
		F9D8BB0E20ECF56200BE0C10 /* Assets.xcassets in Resources */ = {isa = PBXBuildFile; fileRef = F9D8BB0D20ECF56200BE0C10 /* Assets.xcassets */; };
		F9D8BB1C20ECF56300BE0C10 /* schichtlnTests.swift in Sources */ = {isa = PBXBuildFile; fileRef = F9D8BB1B20ECF56300BE0C10 /* schichtlnTests.swift */; };
		F9D8BB2720ECF56300BE0C10 /* schichtlnUITests.swift in Sources */ = {isa = PBXBuildFile; fileRef = F9D8BB2620ECF56300BE0C10 /* schichtlnUITests.swift */; };
		F9D8BB3620ED077700BE0C10 /* User.swift in Sources */ = {isa = PBXBuildFile; fileRef = F9D8BB3520ED077700BE0C10 /* User.swift */; };
		F9D8BB3820ED087C00BE0C10 /* Group.swift in Sources */ = {isa = PBXBuildFile; fileRef = F9D8BB3720ED087C00BE0C10 /* Group.swift */; };
		F9E7851920EF537300C6E4ED /* HomeViewController.swift in Sources */ = {isa = PBXBuildFile; fileRef = F9E7851820EF537300C6E4ED /* HomeViewController.swift */; };
		F9E7851C20EF5FB600C6E4ED /* Webservice.swift in Sources */ = {isa = PBXBuildFile; fileRef = F9E7851B20EF5FB600C6E4ED /* Webservice.swift */; };
		F9E7851E20EF7ECE00C6E4ED /* Extensions.swift in Sources */ = {isa = PBXBuildFile; fileRef = F9E7851D20EF7ECE00C6E4ED /* Extensions.swift */; };
/* End PBXBuildFile section */

/* Begin PBXContainerItemProxy section */
		F9D8BB1820ECF56200BE0C10 /* PBXContainerItemProxy */ = {
			isa = PBXContainerItemProxy;
			containerPortal = F9D8BAF920ECF56000BE0C10 /* Project object */;
			proxyType = 1;
			remoteGlobalIDString = F9D8BB0020ECF56000BE0C10;
			remoteInfo = schichtln;
		};
		F9D8BB2320ECF56300BE0C10 /* PBXContainerItemProxy */ = {
			isa = PBXContainerItemProxy;
			containerPortal = F9D8BAF920ECF56000BE0C10 /* Project object */;
			proxyType = 1;
			remoteGlobalIDString = F9D8BB0020ECF56000BE0C10;
			remoteInfo = schichtln;
		};
/* End PBXContainerItemProxy section */

/* Begin PBXFileReference section */
		0508E98B2C24A4430EAE4BD9 /* Pods_schichtlnTests.framework */ = {isa = PBXFileReference; explicitFileType = wrapper.framework; includeInIndex = 0; path = Pods_schichtlnTests.framework; sourceTree = BUILT_PRODUCTS_DIR; };
		08CC7F874B612B2E392803CA /* Pods-schichtlnTests.release.xcconfig */ = {isa = PBXFileReference; includeInIndex = 1; lastKnownFileType = text.xcconfig; name = "Pods-schichtlnTests.release.xcconfig"; path = "Pods/Target Support Files/Pods-schichtlnTests/Pods-schichtlnTests.release.xcconfig"; sourceTree = "<group>"; };
		0E3AA292C8DEFC42F1B89E86 /* Pods-schichtlnTests.debug.xcconfig */ = {isa = PBXFileReference; includeInIndex = 1; lastKnownFileType = text.xcconfig; name = "Pods-schichtlnTests.debug.xcconfig"; path = "Pods/Target Support Files/Pods-schichtlnTests/Pods-schichtlnTests.debug.xcconfig"; sourceTree = "<group>"; };
		1AA8649B679B8BEABD49C0B3 /* Pods-schichtlnUITests.release.xcconfig */ = {isa = PBXFileReference; includeInIndex = 1; lastKnownFileType = text.xcconfig; name = "Pods-schichtlnUITests.release.xcconfig"; path = "Pods/Target Support Files/Pods-schichtlnUITests/Pods-schichtlnUITests.release.xcconfig"; sourceTree = "<group>"; };
		1BC6BEA6E1EF3646F6542118 /* Pods_schichtln.framework */ = {isa = PBXFileReference; explicitFileType = wrapper.framework; includeInIndex = 0; path = Pods_schichtln.framework; sourceTree = BUILT_PRODUCTS_DIR; };
		4477FB14FD1A74266C098C49 /* Pods-schichtlnUITests.debug.xcconfig */ = {isa = PBXFileReference; includeInIndex = 1; lastKnownFileType = text.xcconfig; name = "Pods-schichtlnUITests.debug.xcconfig"; path = "Pods/Target Support Files/Pods-schichtlnUITests/Pods-schichtlnUITests.debug.xcconfig"; sourceTree = "<group>"; };
		8773B5DF47B37D5F156D0EA6 /* Pods-schichtln.release.xcconfig */ = {isa = PBXFileReference; includeInIndex = 1; lastKnownFileType = text.xcconfig; name = "Pods-schichtln.release.xcconfig"; path = "Pods/Target Support Files/Pods-schichtln/Pods-schichtln.release.xcconfig"; sourceTree = "<group>"; };
		B4B62ABFB04C009ADD8658C3 /* Pods-schichtln.debug.xcconfig */ = {isa = PBXFileReference; includeInIndex = 1; lastKnownFileType = text.xcconfig; name = "Pods-schichtln.debug.xcconfig"; path = "Pods/Target Support Files/Pods-schichtln/Pods-schichtln.debug.xcconfig"; sourceTree = "<group>"; };
		C7B872A83C88DD4E7952866D /* Pods_schichtlnUITests.framework */ = {isa = PBXFileReference; explicitFileType = wrapper.framework; includeInIndex = 0; path = Pods_schichtlnUITests.framework; sourceTree = BUILT_PRODUCTS_DIR; };
		F97C526020EDF4840003E160 /* Type.swift */ = {isa = PBXFileReference; lastKnownFileType = sourcecode.swift; path = Type.swift; sourceTree = "<group>"; };
		F97C526220EDF4930003E160 /* Accept.swift */ = {isa = PBXFileReference; lastKnownFileType = sourcecode.swift; path = Accept.swift; sourceTree = "<group>"; };
		F97C526420EDF4A50003E160 /* Schicht.swift */ = {isa = PBXFileReference; lastKnownFileType = sourcecode.swift; path = Schicht.swift; sourceTree = "<group>"; };
		F97C526620EDF4B00003E160 /* Schicht2Change.swift */ = {isa = PBXFileReference; lastKnownFileType = sourcecode.swift; path = Schicht2Change.swift; sourceTree = "<group>"; };
		F9D8BB0120ECF56000BE0C10 /* schichtln.app */ = {isa = PBXFileReference; explicitFileType = wrapper.application; includeInIndex = 0; path = schichtln.app; sourceTree = BUILT_PRODUCTS_DIR; };
		F9D8BB0420ECF56000BE0C10 /* AppDelegate.swift */ = {isa = PBXFileReference; lastKnownFileType = sourcecode.swift; path = AppDelegate.swift; sourceTree = "<group>"; };
		F9D8BB0620ECF56000BE0C10 /* FirstViewController.swift */ = {isa = PBXFileReference; lastKnownFileType = sourcecode.swift; path = FirstViewController.swift; sourceTree = "<group>"; };
		F9D8BB0820ECF56000BE0C10 /* SecondViewController.swift */ = {isa = PBXFileReference; lastKnownFileType = sourcecode.swift; path = SecondViewController.swift; sourceTree = "<group>"; };
		F9D8BB0D20ECF56200BE0C10 /* Assets.xcassets */ = {isa = PBXFileReference; lastKnownFileType = folder.assetcatalog; path = Assets.xcassets; sourceTree = "<group>"; };
		F9D8BB1220ECF56200BE0C10 /* Info.plist */ = {isa = PBXFileReference; lastKnownFileType = text.plist.xml; path = Info.plist; sourceTree = "<group>"; };
		F9D8BB1720ECF56200BE0C10 /* schichtlnTests.xctest */ = {isa = PBXFileReference; explicitFileType = wrapper.cfbundle; includeInIndex = 0; path = schichtlnTests.xctest; sourceTree = BUILT_PRODUCTS_DIR; };
		F9D8BB1B20ECF56300BE0C10 /* schichtlnTests.swift */ = {isa = PBXFileReference; lastKnownFileType = sourcecode.swift; path = schichtlnTests.swift; sourceTree = "<group>"; };
		F9D8BB1D20ECF56300BE0C10 /* Info.plist */ = {isa = PBXFileReference; lastKnownFileType = text.plist.xml; path = Info.plist; sourceTree = "<group>"; };
		F9D8BB2220ECF56300BE0C10 /* schichtlnUITests.xctest */ = {isa = PBXFileReference; explicitFileType = wrapper.cfbundle; includeInIndex = 0; path = schichtlnUITests.xctest; sourceTree = BUILT_PRODUCTS_DIR; };
		F9D8BB2620ECF56300BE0C10 /* schichtlnUITests.swift */ = {isa = PBXFileReference; lastKnownFileType = sourcecode.swift; path = schichtlnUITests.swift; sourceTree = "<group>"; };
		F9D8BB2820ECF56300BE0C10 /* Info.plist */ = {isa = PBXFileReference; lastKnownFileType = text.plist.xml; path = Info.plist; sourceTree = "<group>"; };
		F9D8BB3520ED077700BE0C10 /* User.swift */ = {isa = PBXFileReference; lastKnownFileType = sourcecode.swift; path = User.swift; sourceTree = "<group>"; };
		F9D8BB3720ED087C00BE0C10 /* Group.swift */ = {isa = PBXFileReference; lastKnownFileType = sourcecode.swift; path = Group.swift; sourceTree = "<group>"; };
		F9E7851820EF537300C6E4ED /* HomeViewController.swift */ = {isa = PBXFileReference; lastKnownFileType = sourcecode.swift; path = HomeViewController.swift; sourceTree = "<group>"; };
		F9E7851B20EF5FB600C6E4ED /* Webservice.swift */ = {isa = PBXFileReference; lastKnownFileType = sourcecode.swift; path = Webservice.swift; sourceTree = "<group>"; };
		F9E7851D20EF7ECE00C6E4ED /* Extensions.swift */ = {isa = PBXFileReference; lastKnownFileType = sourcecode.swift; path = Extensions.swift; sourceTree = "<group>"; };
/* End PBXFileReference section */

/* Begin PBXFrameworksBuildPhase section */
		F9D8BAFE20ECF56000BE0C10 /* Frameworks */ = {
			isa = PBXFrameworksBuildPhase;
			buildActionMask = 2147483647;
			files = (
				65EDFA1A2CDFB28BDBE8E20E /* Pods_schichtln.framework in Frameworks */,
			);
			runOnlyForDeploymentPostprocessing = 0;
		};
		F9D8BB1420ECF56200BE0C10 /* Frameworks */ = {
			isa = PBXFrameworksBuildPhase;
			buildActionMask = 2147483647;
			files = (
				9246E32A06233A47FE746075 /* Pods_schichtlnTests.framework in Frameworks */,
			);
			runOnlyForDeploymentPostprocessing = 0;
		};
		F9D8BB1F20ECF56300BE0C10 /* Frameworks */ = {
			isa = PBXFrameworksBuildPhase;
			buildActionMask = 2147483647;
			files = (
				BDEFC899C33542198F3ACC67 /* Pods_schichtlnUITests.framework in Frameworks */,
			);
			runOnlyForDeploymentPostprocessing = 0;
		};
/* End PBXFrameworksBuildPhase section */

/* Begin PBXGroup section */
		5D9448011A770912BB1541A9 /* Pods */ = {
			isa = PBXGroup;
			children = (
				B4B62ABFB04C009ADD8658C3 /* Pods-schichtln.debug.xcconfig */,
				8773B5DF47B37D5F156D0EA6 /* Pods-schichtln.release.xcconfig */,
				0E3AA292C8DEFC42F1B89E86 /* Pods-schichtlnTests.debug.xcconfig */,
				08CC7F874B612B2E392803CA /* Pods-schichtlnTests.release.xcconfig */,
				4477FB14FD1A74266C098C49 /* Pods-schichtlnUITests.debug.xcconfig */,
				1AA8649B679B8BEABD49C0B3 /* Pods-schichtlnUITests.release.xcconfig */,
			);
			name = Pods;
			sourceTree = "<group>";
		};
		63DA8D92A2BCE8E70803684B /* Frameworks */ = {
			isa = PBXGroup;
			children = (
				1BC6BEA6E1EF3646F6542118 /* Pods_schichtln.framework */,
				0508E98B2C24A4430EAE4BD9 /* Pods_schichtlnTests.framework */,
				C7B872A83C88DD4E7952866D /* Pods_schichtlnUITests.framework */,
			);
			name = Frameworks;
			sourceTree = "<group>";
		};
		F9D8BAF820ECF56000BE0C10 = {
			isa = PBXGroup;
			children = (
				F9D8BB0320ECF56000BE0C10 /* schichtln */,
				F9D8BB1A20ECF56300BE0C10 /* schichtlnTests */,
				F9D8BB2520ECF56300BE0C10 /* schichtlnUITests */,
				F9D8BB0220ECF56000BE0C10 /* Products */,
				5D9448011A770912BB1541A9 /* Pods */,
				63DA8D92A2BCE8E70803684B /* Frameworks */,
			);
			sourceTree = "<group>";
		};
		F9D8BB0220ECF56000BE0C10 /* Products */ = {
			isa = PBXGroup;
			children = (
				F9D8BB0120ECF56000BE0C10 /* schichtln.app */,
				F9D8BB1720ECF56200BE0C10 /* schichtlnTests.xctest */,
				F9D8BB2220ECF56300BE0C10 /* schichtlnUITests.xctest */,
			);
			name = Products;
			sourceTree = "<group>";
		};
		F9D8BB0320ECF56000BE0C10 /* schichtln */ = {
			isa = PBXGroup;
			children = (
				F9E7851A20EF5F8C00C6E4ED /* Webservice */,
				F9E7851720EF533C00C6E4ED /* UI */,
				F9D8BB3420ED075E00BE0C10 /* Objects */,
				F9D8BB0420ECF56000BE0C10 /* AppDelegate.swift */,
				F9D8BB0620ECF56000BE0C10 /* FirstViewController.swift */,
				F9D8BB0820ECF56000BE0C10 /* SecondViewController.swift */,
				F9D8BB0D20ECF56200BE0C10 /* Assets.xcassets */,
				F9D8BB1220ECF56200BE0C10 /* Info.plist */,
				F9E7851D20EF7ECE00C6E4ED /* Extensions.swift */,
			);
			path = schichtln;
			sourceTree = "<group>";
		};
		F9D8BB1A20ECF56300BE0C10 /* schichtlnTests */ = {
			isa = PBXGroup;
			children = (
				F9D8BB1B20ECF56300BE0C10 /* schichtlnTests.swift */,
				F9D8BB1D20ECF56300BE0C10 /* Info.plist */,
			);
			path = schichtlnTests;
			sourceTree = "<group>";
		};
		F9D8BB2520ECF56300BE0C10 /* schichtlnUITests */ = {
			isa = PBXGroup;
			children = (
				F9D8BB2620ECF56300BE0C10 /* schichtlnUITests.swift */,
				F9D8BB2820ECF56300BE0C10 /* Info.plist */,
			);
			path = schichtlnUITests;
			sourceTree = "<group>";
		};
		F9D8BB3420ED075E00BE0C10 /* Objects */ = {
			isa = PBXGroup;
			children = (
				F9D8BB3520ED077700BE0C10 /* User.swift */,
				F9D8BB3720ED087C00BE0C10 /* Group.swift */,
				F97C526020EDF4840003E160 /* Type.swift */,
				F97C526220EDF4930003E160 /* Accept.swift */,
				F97C526420EDF4A50003E160 /* Schicht.swift */,
				F97C526620EDF4B00003E160 /* Schicht2Change.swift */,
			);
			path = Objects;
			sourceTree = "<group>";
		};
		F9E7851720EF533C00C6E4ED /* UI */ = {
			isa = PBXGroup;
			children = (
				F9E7851820EF537300C6E4ED /* HomeViewController.swift */,
			);
			path = UI;
			sourceTree = "<group>";
		};
		F9E7851A20EF5F8C00C6E4ED /* Webservice */ = {
			isa = PBXGroup;
			children = (
				F9E7851B20EF5FB600C6E4ED /* Webservice.swift */,
			);
			path = Webservice;
			sourceTree = "<group>";
		};
/* End PBXGroup section */

/* Begin PBXNativeTarget section */
		F9D8BB0020ECF56000BE0C10 /* schichtln */ = {
			isa = PBXNativeTarget;
			buildConfigurationList = F9D8BB2B20ECF56300BE0C10 /* Build configuration list for PBXNativeTarget "schichtln" */;
			buildPhases = (
				8F99DF142D024370D351CB68 /* [CP] Check Pods Manifest.lock */,
				F9D8BAFD20ECF56000BE0C10 /* Sources */,
				F9D8BAFE20ECF56000BE0C10 /* Frameworks */,
				F9D8BAFF20ECF56000BE0C10 /* Resources */,
				1CACC43D1132A4EA39A9A833 /* [CP] Embed Pods Frameworks */,
			);
			buildRules = (
			);
			dependencies = (
			);
			name = schichtln;
			productName = schichtln;
			productReference = F9D8BB0120ECF56000BE0C10 /* schichtln.app */;
			productType = "com.apple.product-type.application";
		};
		F9D8BB1620ECF56200BE0C10 /* schichtlnTests */ = {
			isa = PBXNativeTarget;
			buildConfigurationList = F9D8BB2E20ECF56300BE0C10 /* Build configuration list for PBXNativeTarget "schichtlnTests" */;
			buildPhases = (
				D556FDCEA9A2514187A59DEE /* [CP] Check Pods Manifest.lock */,
				F9D8BB1320ECF56200BE0C10 /* Sources */,
				F9D8BB1420ECF56200BE0C10 /* Frameworks */,
				F9D8BB1520ECF56200BE0C10 /* Resources */,
			);
			buildRules = (
			);
			dependencies = (
				F9D8BB1920ECF56200BE0C10 /* PBXTargetDependency */,
			);
			name = schichtlnTests;
			productName = schichtlnTests;
			productReference = F9D8BB1720ECF56200BE0C10 /* schichtlnTests.xctest */;
			productType = "com.apple.product-type.bundle.unit-test";
		};
		F9D8BB2120ECF56300BE0C10 /* schichtlnUITests */ = {
			isa = PBXNativeTarget;
			buildConfigurationList = F9D8BB3120ECF56300BE0C10 /* Build configuration list for PBXNativeTarget "schichtlnUITests" */;
			buildPhases = (
				8FC8EC59448FB88E836D5940 /* [CP] Check Pods Manifest.lock */,
				F9D8BB1E20ECF56300BE0C10 /* Sources */,
				F9D8BB1F20ECF56300BE0C10 /* Frameworks */,
				F9D8BB2020ECF56300BE0C10 /* Resources */,
			);
			buildRules = (
			);
			dependencies = (
				F9D8BB2420ECF56300BE0C10 /* PBXTargetDependency */,
			);
			name = schichtlnUITests;
			productName = schichtlnUITests;
			productReference = F9D8BB2220ECF56300BE0C10 /* schichtlnUITests.xctest */;
			productType = "com.apple.product-type.bundle.ui-testing";
		};
/* End PBXNativeTarget section */

/* Begin PBXProject section */
		F9D8BAF920ECF56000BE0C10 /* Project object */ = {
			isa = PBXProject;
			attributes = {
				LastSwiftUpdateCheck = 0940;
				LastUpgradeCheck = 0940;
				ORGANIZATIONNAME = "Andreas Denk";
				TargetAttributes = {
					F9D8BB0020ECF56000BE0C10 = {
						CreatedOnToolsVersion = 9.4.1;
					};
					F9D8BB1620ECF56200BE0C10 = {
						CreatedOnToolsVersion = 9.4.1;
						TestTargetID = F9D8BB0020ECF56000BE0C10;
					};
					F9D8BB2120ECF56300BE0C10 = {
						CreatedOnToolsVersion = 9.4.1;
						TestTargetID = F9D8BB0020ECF56000BE0C10;
					};
				};
			};
			buildConfigurationList = F9D8BAFC20ECF56000BE0C10 /* Build configuration list for PBXProject "schichtln" */;
			compatibilityVersion = "Xcode 9.3";
			developmentRegion = en;
			hasScannedForEncodings = 0;
			knownRegions = (
				en,
				Base,
			);
			mainGroup = F9D8BAF820ECF56000BE0C10;
			productRefGroup = F9D8BB0220ECF56000BE0C10 /* Products */;
			projectDirPath = "";
			projectRoot = "";
			targets = (
				F9D8BB0020ECF56000BE0C10 /* schichtln */,
				F9D8BB1620ECF56200BE0C10 /* schichtlnTests */,
				F9D8BB2120ECF56300BE0C10 /* schichtlnUITests */,
			);
		};
/* End PBXProject section */

/* Begin PBXResourcesBuildPhase section */
		F9D8BAFF20ECF56000BE0C10 /* Resources */ = {
			isa = PBXResourcesBuildPhase;
			buildActionMask = 2147483647;
			files = (
				F9D8BB0E20ECF56200BE0C10 /* Assets.xcassets in Resources */,
			);
			runOnlyForDeploymentPostprocessing = 0;
		};
		F9D8BB1520ECF56200BE0C10 /* Resources */ = {
			isa = PBXResourcesBuildPhase;
			buildActionMask = 2147483647;
			files = (
			);
			runOnlyForDeploymentPostprocessing = 0;
		};
		F9D8BB2020ECF56300BE0C10 /* Resources */ = {
			isa = PBXResourcesBuildPhase;
			buildActionMask = 2147483647;
			files = (
			);
			runOnlyForDeploymentPostprocessing = 0;
		};
/* End PBXResourcesBuildPhase section */

/* Begin PBXShellScriptBuildPhase section */
		1CACC43D1132A4EA39A9A833 /* [CP] Embed Pods Frameworks */ = {
			isa = PBXShellScriptBuildPhase;
			buildActionMask = 2147483647;
			files = (
			);
			inputPaths = (
				"${SRCROOT}/Pods/Target Support Files/Pods-schichtln/Pods-schichtln-frameworks.sh",
				"${BUILT_PRODUCTS_DIR}/Alamofire/Alamofire.framework",
				"${BUILT_PRODUCTS_DIR}/ViewPager-Swift/ViewPager_Swift.framework",
			);
			name = "[CP] Embed Pods Frameworks";
			outputPaths = (
				"${TARGET_BUILD_DIR}/${FRAMEWORKS_FOLDER_PATH}/Alamofire.framework",
				"${TARGET_BUILD_DIR}/${FRAMEWORKS_FOLDER_PATH}/ViewPager_Swift.framework",
			);
			runOnlyForDeploymentPostprocessing = 0;
			shellPath = /bin/sh;
			shellScript = "\"${SRCROOT}/Pods/Target Support Files/Pods-schichtln/Pods-schichtln-frameworks.sh\"\n";
			showEnvVarsInLog = 0;
		};
		8F99DF142D024370D351CB68 /* [CP] Check Pods Manifest.lock */ = {
			isa = PBXShellScriptBuildPhase;
			buildActionMask = 2147483647;
			files = (
			);
			inputPaths = (
				"${PODS_PODFILE_DIR_PATH}/Podfile.lock",
				"${PODS_ROOT}/Manifest.lock",
			);
			name = "[CP] Check Pods Manifest.lock";
			outputPaths = (
				"$(DERIVED_FILE_DIR)/Pods-schichtln-checkManifestLockResult.txt",
			);
			runOnlyForDeploymentPostprocessing = 0;
			shellPath = /bin/sh;
			shellScript = "diff \"${PODS_PODFILE_DIR_PATH}/Podfile.lock\" \"${PODS_ROOT}/Manifest.lock\" > /dev/null\nif [ $? != 0 ] ; then\n    # print error to STDERR\n    echo \"error: The sandbox is not in sync with the Podfile.lock. Run 'pod install' or update your CocoaPods installation.\" >&2\n    exit 1\nfi\n# This output is used by Xcode 'outputs' to avoid re-running this script phase.\necho \"SUCCESS\" > \"${SCRIPT_OUTPUT_FILE_0}\"\n";
			showEnvVarsInLog = 0;
		};
		8FC8EC59448FB88E836D5940 /* [CP] Check Pods Manifest.lock */ = {
			isa = PBXShellScriptBuildPhase;
			buildActionMask = 2147483647;
			files = (
			);
			inputPaths = (
				"${PODS_PODFILE_DIR_PATH}/Podfile.lock",
				"${PODS_ROOT}/Manifest.lock",
			);
			name = "[CP] Check Pods Manifest.lock";
			outputPaths = (
				"$(DERIVED_FILE_DIR)/Pods-schichtlnUITests-checkManifestLockResult.txt",
			);
			runOnlyForDeploymentPostprocessing = 0;
			shellPath = /bin/sh;
			shellScript = "diff \"${PODS_PODFILE_DIR_PATH}/Podfile.lock\" \"${PODS_ROOT}/Manifest.lock\" > /dev/null\nif [ $? != 0 ] ; then\n    # print error to STDERR\n    echo \"error: The sandbox is not in sync with the Podfile.lock. Run 'pod install' or update your CocoaPods installation.\" >&2\n    exit 1\nfi\n# This output is used by Xcode 'outputs' to avoid re-running this script phase.\necho \"SUCCESS\" > \"${SCRIPT_OUTPUT_FILE_0}\"\n";
			showEnvVarsInLog = 0;
		};
		D556FDCEA9A2514187A59DEE /* [CP] Check Pods Manifest.lock */ = {
			isa = PBXShellScriptBuildPhase;
			buildActionMask = 2147483647;
			files = (
			);
			inputPaths = (
				"${PODS_PODFILE_DIR_PATH}/Podfile.lock",
				"${PODS_ROOT}/Manifest.lock",
			);
			name = "[CP] Check Pods Manifest.lock";
			outputPaths = (
				"$(DERIVED_FILE_DIR)/Pods-schichtlnTests-checkManifestLockResult.txt",
			);
			runOnlyForDeploymentPostprocessing = 0;
			shellPath = /bin/sh;
			shellScript = "diff \"${PODS_PODFILE_DIR_PATH}/Podfile.lock\" \"${PODS_ROOT}/Manifest.lock\" > /dev/null\nif [ $? != 0 ] ; then\n    # print error to STDERR\n    echo \"error: The sandbox is not in sync with the Podfile.lock. Run 'pod install' or update your CocoaPods installation.\" >&2\n    exit 1\nfi\n# This output is used by Xcode 'outputs' to avoid re-running this script phase.\necho \"SUCCESS\" > \"${SCRIPT_OUTPUT_FILE_0}\"\n";
			showEnvVarsInLog = 0;
		};
/* End PBXShellScriptBuildPhase section */

/* Begin PBXSourcesBuildPhase section */
		F9D8BAFD20ECF56000BE0C10 /* Sources */ = {
			isa = PBXSourcesBuildPhase;
			buildActionMask = 2147483647;
			files = (
				F97C526320EDF4930003E160 /* Accept.swift in Sources */,
				F9D8BB3620ED077700BE0C10 /* User.swift in Sources */,
				F9D8BB0920ECF56000BE0C10 /* SecondViewController.swift in Sources */,
				F9D8BB0520ECF56000BE0C10 /* AppDelegate.swift in Sources */,
				F9E7851C20EF5FB600C6E4ED /* Webservice.swift in Sources */,
				F9D8BB3820ED087C00BE0C10 /* Group.swift in Sources */,
				F9E7851920EF537300C6E4ED /* HomeViewController.swift in Sources */,
				F9E7851E20EF7ECE00C6E4ED /* Extensions.swift in Sources */,
				F9D8BB0720ECF56000BE0C10 /* FirstViewController.swift in Sources */,
				F97C526520EDF4A50003E160 /* Schicht.swift in Sources */,
				F97C526720EDF4B00003E160 /* Schicht2Change.swift in Sources */,
				F97C526120EDF4840003E160 /* Type.swift in Sources */,
			);
			runOnlyForDeploymentPostprocessing = 0;
		};
		F9D8BB1320ECF56200BE0C10 /* Sources */ = {
			isa = PBXSourcesBuildPhase;
			buildActionMask = 2147483647;
			files = (
				F9D8BB1C20ECF56300BE0C10 /* schichtlnTests.swift in Sources */,
			);
			runOnlyForDeploymentPostprocessing = 0;
		};
		F9D8BB1E20ECF56300BE0C10 /* Sources */ = {
			isa = PBXSourcesBuildPhase;
			buildActionMask = 2147483647;
			files = (
				F9D8BB2720ECF56300BE0C10 /* schichtlnUITests.swift in Sources */,
			);
			runOnlyForDeploymentPostprocessing = 0;
		};
/* End PBXSourcesBuildPhase section */

/* Begin PBXTargetDependency section */
		F9D8BB1920ECF56200BE0C10 /* PBXTargetDependency */ = {
			isa = PBXTargetDependency;
			target = F9D8BB0020ECF56000BE0C10 /* schichtln */;
			targetProxy = F9D8BB1820ECF56200BE0C10 /* PBXContainerItemProxy */;
		};
		F9D8BB2420ECF56300BE0C10 /* PBXTargetDependency */ = {
			isa = PBXTargetDependency;
			target = F9D8BB0020ECF56000BE0C10 /* schichtln */;
			targetProxy = F9D8BB2320ECF56300BE0C10 /* PBXContainerItemProxy */;
		};
/* End PBXTargetDependency section */

/* Begin XCBuildConfiguration section */
		F9D8BB2920ECF56300BE0C10 /* Debug */ = {
			isa = XCBuildConfiguration;
			buildSettings = {
				ALWAYS_SEARCH_USER_PATHS = NO;
				CLANG_ANALYZER_NONNULL = YES;
				CLANG_ANALYZER_NUMBER_OBJECT_CONVERSION = YES_AGGRESSIVE;
				CLANG_CXX_LANGUAGE_STANDARD = "gnu++14";
				CLANG_CXX_LIBRARY = "libc++";
				CLANG_ENABLE_MODULES = YES;
				CLANG_ENABLE_OBJC_ARC = YES;
				CLANG_ENABLE_OBJC_WEAK = YES;
				CLANG_WARN_BLOCK_CAPTURE_AUTORELEASING = YES;
				CLANG_WARN_BOOL_CONVERSION = YES;
				CLANG_WARN_COMMA = YES;
				CLANG_WARN_CONSTANT_CONVERSION = YES;
				CLANG_WARN_DEPRECATED_OBJC_IMPLEMENTATIONS = YES;
				CLANG_WARN_DIRECT_OBJC_ISA_USAGE = YES_ERROR;
				CLANG_WARN_DOCUMENTATION_COMMENTS = YES;
				CLANG_WARN_EMPTY_BODY = YES;
				CLANG_WARN_ENUM_CONVERSION = YES;
				CLANG_WARN_INFINITE_RECURSION = YES;
				CLANG_WARN_INT_CONVERSION = YES;
				CLANG_WARN_NON_LITERAL_NULL_CONVERSION = YES;
				CLANG_WARN_OBJC_IMPLICIT_RETAIN_SELF = YES;
				CLANG_WARN_OBJC_LITERAL_CONVERSION = YES;
				CLANG_WARN_OBJC_ROOT_CLASS = YES_ERROR;
				CLANG_WARN_RANGE_LOOP_ANALYSIS = YES;
				CLANG_WARN_STRICT_PROTOTYPES = YES;
				CLANG_WARN_SUSPICIOUS_MOVE = YES;
				CLANG_WARN_UNGUARDED_AVAILABILITY = YES_AGGRESSIVE;
				CLANG_WARN_UNREACHABLE_CODE = YES;
				CLANG_WARN__DUPLICATE_METHOD_MATCH = YES;
				CODE_SIGN_IDENTITY = "iPhone Developer";
				COPY_PHASE_STRIP = NO;
				DEBUG_INFORMATION_FORMAT = dwarf;
				ENABLE_STRICT_OBJC_MSGSEND = YES;
				ENABLE_TESTABILITY = YES;
				GCC_C_LANGUAGE_STANDARD = gnu11;
				GCC_DYNAMIC_NO_PIC = NO;
				GCC_NO_COMMON_BLOCKS = YES;
				GCC_OPTIMIZATION_LEVEL = 0;
				GCC_PREPROCESSOR_DEFINITIONS = (
					"DEBUG=1",
					"$(inherited)",
				);
				GCC_WARN_64_TO_32_BIT_CONVERSION = YES;
				GCC_WARN_ABOUT_RETURN_TYPE = YES_ERROR;
				GCC_WARN_UNDECLARED_SELECTOR = YES;
				GCC_WARN_UNINITIALIZED_AUTOS = YES_AGGRESSIVE;
				GCC_WARN_UNUSED_FUNCTION = YES;
				GCC_WARN_UNUSED_VARIABLE = YES;
				IPHONEOS_DEPLOYMENT_TARGET = 11.4;
				MTL_ENABLE_DEBUG_INFO = YES;
				ONLY_ACTIVE_ARCH = YES;
				SDKROOT = iphoneos;
				SWIFT_ACTIVE_COMPILATION_CONDITIONS = DEBUG;
				SWIFT_OPTIMIZATION_LEVEL = "-Onone";
			};
			name = Debug;
		};
		F9D8BB2A20ECF56300BE0C10 /* Release */ = {
			isa = XCBuildConfiguration;
			buildSettings = {
				ALWAYS_SEARCH_USER_PATHS = NO;
				CLANG_ANALYZER_NONNULL = YES;
				CLANG_ANALYZER_NUMBER_OBJECT_CONVERSION = YES_AGGRESSIVE;
				CLANG_CXX_LANGUAGE_STANDARD = "gnu++14";
				CLANG_CXX_LIBRARY = "libc++";
				CLANG_ENABLE_MODULES = YES;
				CLANG_ENABLE_OBJC_ARC = YES;
				CLANG_ENABLE_OBJC_WEAK = YES;
				CLANG_WARN_BLOCK_CAPTURE_AUTORELEASING = YES;
				CLANG_WARN_BOOL_CONVERSION = YES;
				CLANG_WARN_COMMA = YES;
				CLANG_WARN_CONSTANT_CONVERSION = YES;
				CLANG_WARN_DEPRECATED_OBJC_IMPLEMENTATIONS = YES;
				CLANG_WARN_DIRECT_OBJC_ISA_USAGE = YES_ERROR;
				CLANG_WARN_DOCUMENTATION_COMMENTS = YES;
				CLANG_WARN_EMPTY_BODY = YES;
				CLANG_WARN_ENUM_CONVERSION = YES;
				CLANG_WARN_INFINITE_RECURSION = YES;
				CLANG_WARN_INT_CONVERSION = YES;
				CLANG_WARN_NON_LITERAL_NULL_CONVERSION = YES;
				CLANG_WARN_OBJC_IMPLICIT_RETAIN_SELF = YES;
				CLANG_WARN_OBJC_LITERAL_CONVERSION = YES;
				CLANG_WARN_OBJC_ROOT_CLASS = YES_ERROR;
				CLANG_WARN_RANGE_LOOP_ANALYSIS = YES;
				CLANG_WARN_STRICT_PROTOTYPES = YES;
				CLANG_WARN_SUSPICIOUS_MOVE = YES;
				CLANG_WARN_UNGUARDED_AVAILABILITY = YES_AGGRESSIVE;
				CLANG_WARN_UNREACHABLE_CODE = YES;
				CLANG_WARN__DUPLICATE_METHOD_MATCH = YES;
				CODE_SIGN_IDENTITY = "iPhone Developer";
				COPY_PHASE_STRIP = NO;
				DEBUG_INFORMATION_FORMAT = "dwarf-with-dsym";
				ENABLE_NS_ASSERTIONS = NO;
				ENABLE_STRICT_OBJC_MSGSEND = YES;
				GCC_C_LANGUAGE_STANDARD = gnu11;
				GCC_NO_COMMON_BLOCKS = YES;
				GCC_WARN_64_TO_32_BIT_CONVERSION = YES;
				GCC_WARN_ABOUT_RETURN_TYPE = YES_ERROR;
				GCC_WARN_UNDECLARED_SELECTOR = YES;
				GCC_WARN_UNINITIALIZED_AUTOS = YES_AGGRESSIVE;
				GCC_WARN_UNUSED_FUNCTION = YES;
				GCC_WARN_UNUSED_VARIABLE = YES;
				IPHONEOS_DEPLOYMENT_TARGET = 11.4;
				MTL_ENABLE_DEBUG_INFO = NO;
				SDKROOT = iphoneos;
				SWIFT_COMPILATION_MODE = wholemodule;
				SWIFT_OPTIMIZATION_LEVEL = "-O";
				VALIDATE_PRODUCT = YES;
			};
			name = Release;
		};
		F9D8BB2C20ECF56300BE0C10 /* Debug */ = {
			isa = XCBuildConfiguration;
			baseConfigurationReference = B4B62ABFB04C009ADD8658C3 /* Pods-schichtln.debug.xcconfig */;
			buildSettings = {
				ASSETCATALOG_COMPILER_APPICON_NAME = AppIcon;
				CODE_SIGN_STYLE = Automatic;
				INFOPLIST_FILE = schichtln/Info.plist;
				LD_RUNPATH_SEARCH_PATHS = (
					"$(inherited)",
					"@executable_path/Frameworks",
				);
				PRODUCT_BUNDLE_IDENTIFIER = thinkad.schichtln;
				PRODUCT_NAME = "$(TARGET_NAME)";
				SWIFT_VERSION = 4.0;
				TARGETED_DEVICE_FAMILY = "1,2";
			};
			name = Debug;
		};
		F9D8BB2D20ECF56300BE0C10 /* Release */ = {
			isa = XCBuildConfiguration;
			baseConfigurationReference = 8773B5DF47B37D5F156D0EA6 /* Pods-schichtln.release.xcconfig */;
			buildSettings = {
				ASSETCATALOG_COMPILER_APPICON_NAME = AppIcon;
				CODE_SIGN_STYLE = Automatic;
				INFOPLIST_FILE = schichtln/Info.plist;
				LD_RUNPATH_SEARCH_PATHS = (
					"$(inherited)",
					"@executable_path/Frameworks",
				);
				PRODUCT_BUNDLE_IDENTIFIER = thinkad.schichtln;
				PRODUCT_NAME = "$(TARGET_NAME)";
				SWIFT_VERSION = 4.0;
				TARGETED_DEVICE_FAMILY = "1,2";
			};
			name = Release;
		};
		F9D8BB2F20ECF56300BE0C10 /* Debug */ = {
			isa = XCBuildConfiguration;
			baseConfigurationReference = 0E3AA292C8DEFC42F1B89E86 /* Pods-schichtlnTests.debug.xcconfig */;
			buildSettings = {
				ALWAYS_EMBED_SWIFT_STANDARD_LIBRARIES = YES;
				BUNDLE_LOADER = "$(TEST_HOST)";
				CODE_SIGN_STYLE = Automatic;
				INFOPLIST_FILE = schichtlnTests/Info.plist;
				LD_RUNPATH_SEARCH_PATHS = (
					"$(inherited)",
					"@executable_path/Frameworks",
					"@loader_path/Frameworks",
				);
				PRODUCT_BUNDLE_IDENTIFIER = thinkad.schichtlnTests;
				PRODUCT_NAME = "$(TARGET_NAME)";
				SWIFT_VERSION = 4.0;
				TARGETED_DEVICE_FAMILY = "1,2";
				TEST_HOST = "$(BUILT_PRODUCTS_DIR)/schichtln.app/schichtln";
			};
			name = Debug;
		};
		F9D8BB3020ECF56300BE0C10 /* Release */ = {
			isa = XCBuildConfiguration;
			baseConfigurationReference = 08CC7F874B612B2E392803CA /* Pods-schichtlnTests.release.xcconfig */;
			buildSettings = {
				ALWAYS_EMBED_SWIFT_STANDARD_LIBRARIES = YES;
				BUNDLE_LOADER = "$(TEST_HOST)";
				CODE_SIGN_STYLE = Automatic;
				INFOPLIST_FILE = schichtlnTests/Info.plist;
				LD_RUNPATH_SEARCH_PATHS = (
					"$(inherited)",
					"@executable_path/Frameworks",
					"@loader_path/Frameworks",
				);
				PRODUCT_BUNDLE_IDENTIFIER = thinkad.schichtlnTests;
				PRODUCT_NAME = "$(TARGET_NAME)";
				SWIFT_VERSION = 4.0;
				TARGETED_DEVICE_FAMILY = "1,2";
				TEST_HOST = "$(BUILT_PRODUCTS_DIR)/schichtln.app/schichtln";
			};
			name = Release;
		};
		F9D8BB3220ECF56300BE0C10 /* Debug */ = {
			isa = XCBuildConfiguration;
			baseConfigurationReference = 4477FB14FD1A74266C098C49 /* Pods-schichtlnUITests.debug.xcconfig */;
			buildSettings = {
				ALWAYS_EMBED_SWIFT_STANDARD_LIBRARIES = YES;
				CODE_SIGN_STYLE = Automatic;
				INFOPLIST_FILE = schichtlnUITests/Info.plist;
				LD_RUNPATH_SEARCH_PATHS = (
					"$(inherited)",
					"@executable_path/Frameworks",
					"@loader_path/Frameworks",
				);
				PRODUCT_BUNDLE_IDENTIFIER = thinkad.schichtlnUITests;
				PRODUCT_NAME = "$(TARGET_NAME)";
				SWIFT_VERSION = 4.0;
				TARGETED_DEVICE_FAMILY = "1,2";
				TEST_TARGET_NAME = schichtln;
			};
			name = Debug;
		};
		F9D8BB3320ECF56300BE0C10 /* Release */ = {
			isa = XCBuildConfiguration;
			baseConfigurationReference = 1AA8649B679B8BEABD49C0B3 /* Pods-schichtlnUITests.release.xcconfig */;
			buildSettings = {
				ALWAYS_EMBED_SWIFT_STANDARD_LIBRARIES = YES;
				CODE_SIGN_STYLE = Automatic;
				INFOPLIST_FILE = schichtlnUITests/Info.plist;
				LD_RUNPATH_SEARCH_PATHS = (
					"$(inherited)",
					"@executable_path/Frameworks",
					"@loader_path/Frameworks",
				);
				PRODUCT_BUNDLE_IDENTIFIER = thinkad.schichtlnUITests;
				PRODUCT_NAME = "$(TARGET_NAME)";
				SWIFT_VERSION = 4.0;
				TARGETED_DEVICE_FAMILY = "1,2";
				TEST_TARGET_NAME = schichtln;
			};
			name = Release;
		};
/* End XCBuildConfiguration section */

/* Begin XCConfigurationList section */
		F9D8BAFC20ECF56000BE0C10 /* Build configuration list for PBXProject "schichtln" */ = {
			isa = XCConfigurationList;
			buildConfigurations = (
				F9D8BB2920ECF56300BE0C10 /* Debug */,
				F9D8BB2A20ECF56300BE0C10 /* Release */,
			);
			defaultConfigurationIsVisible = 0;
			defaultConfigurationName = Release;
		};
		F9D8BB2B20ECF56300BE0C10 /* Build configuration list for PBXNativeTarget "schichtln" */ = {
			isa = XCConfigurationList;
			buildConfigurations = (
				F9D8BB2C20ECF56300BE0C10 /* Debug */,
				F9D8BB2D20ECF56300BE0C10 /* Release */,
			);
			defaultConfigurationIsVisible = 0;
			defaultConfigurationName = Release;
		};
		F9D8BB2E20ECF56300BE0C10 /* Build configuration list for PBXNativeTarget "schichtlnTests" */ = {
			isa = XCConfigurationList;
			buildConfigurations = (
				F9D8BB2F20ECF56300BE0C10 /* Debug */,
				F9D8BB3020ECF56300BE0C10 /* Release */,
			);
			defaultConfigurationIsVisible = 0;
			defaultConfigurationName = Release;
		};
		F9D8BB3120ECF56300BE0C10 /* Build configuration list for PBXNativeTarget "schichtlnUITests" */ = {
			isa = XCConfigurationList;
			buildConfigurations = (
				F9D8BB3220ECF56300BE0C10 /* Debug */,
				F9D8BB3320ECF56300BE0C10 /* Release */,
			);
			defaultConfigurationIsVisible = 0;
			defaultConfigurationName = Release;
		};
/* End XCConfigurationList section */
	};
	rootObject = F9D8BAF920ECF56000BE0C10 /* Project object */;
}
